
Microsoft Visual Studio Solution File, Format Version 12.00
# Visual Studio Version 16
VisualStudioVersion = 16.0.31424.327
MinimumVisualStudioVersion = 10.0.40219.1
Project("{9A19103F-16F7-4668-BE54-9A1E7A4F7556}") = "EntityRepositoryLibrary", "EntityRepositoryLibraray\EntityRepositoryLibrary.csproj", "{1C80B69F-521B-4A46-BB63-8302F0A8696F}"
EndProject
Global
	GlobalSection(SolutionConfigurationPlatforms) = preSolution
		Debug|Any CPU = Debug|Any CPU
		Release|Any CPU = Release|Any CPU
	EndGlobalSection
	GlobalSection(ProjectConfigurationPlatforms) = postSolution
		{1C80B69F-521B-4A46-BB63-8302F0A8696F}.Debug|Any CPU.ActiveCfg = Debug|Any CPU
		{1C80B69F-521B-4A46-BB63-8302F0A8696F}.Debug|Any CPU.Build.0 = Debug|Any CPU
		{1C80B69F-521B-4A46-BB63-8302F0A8696F}.Release|Any CPU.ActiveCfg = Release|Any CPU
		{1C80B69F-521B-4A46-BB63-8302F0A8696F}.Release|Any CPU.Build.0 = Release|Any CPU
	EndGlobalSection
	GlobalSection(SolutionProperties) = preSolution
		HideSolutionNode = FALSE
	EndGlobalSection
	GlobalSection(ExtensibilityGlobals) = postSolution
		SolutionGuid = {39BAAC1C-CAF5-4EF4-AC92-078399F4C832}
	EndGlobalSection
EndGlobal
